// !$*UTF8*$!
{
	archiveVersion = 1;
	classes = {
	};
	objectVersion = 56;
	objects = {

/* Begin PBXBuildFile section */
		292DDDC32BB0A96A00E61452 /* GoogleService-Info.plist in Resources */ = {isa = PBXBuildFile; fileRef = 292DDDC22BB0A96A00E61452 /* GoogleService-Info.plist */; };
		292DDDC42BB0A96A00E61452 /* GoogleService-Info.plist in Resources */ = {isa = PBXBuildFile; fileRef = 292DDDC22BB0A96A00E61452 /* GoogleService-Info.plist */; };
		292DDDC72BB0AA3E00E61452 /* FirebaseAnalytics in Frameworks */ = {isa = PBXBuildFile; productRef = 292DDDC62BB0AA3E00E61452 /* FirebaseAnalytics */; };
		292DDDC92BB0AC2E00E61452 /* FirebaseFirestore in Frameworks */ = {isa = PBXBuildFile; productRef = 292DDDC82BB0AC2E00E61452 /* FirebaseFirestore */; };
		292DDDCC2BB0AEDF00E61452 /* User.swift in Sources */ = {isa = PBXBuildFile; fileRef = 292DDDCB2BB0AEDF00E61452 /* User.swift */; };
		292DDDCD2BB0AEDF00E61452 /* User.swift in Sources */ = {isa = PBXBuildFile; fileRef = 292DDDCB2BB0AEDF00E61452 /* User.swift */; };
		292DDDCF2BB0AF6E00E61452 /* SleepRecord.swift in Sources */ = {isa = PBXBuildFile; fileRef = 292DDDCE2BB0AF6E00E61452 /* SleepRecord.swift */; };
		292DDDD02BB0AF6E00E61452 /* SleepRecord.swift in Sources */ = {isa = PBXBuildFile; fileRef = 292DDDCE2BB0AF6E00E61452 /* SleepRecord.swift */; };
		29DF3BCD2BC858D700F6485E /* Star.swift in Sources */ = {isa = PBXBuildFile; fileRef = 29DF3BCC2BC858D700F6485E /* Star.swift */; };
		29DF3BCF2BC8590800F6485E /* ShootingStarsAnimation.swift in Sources */ = {isa = PBXBuildFile; fileRef = 29DF3BCE2BC8590800F6485E /* ShootingStarsAnimation.swift */; };
		29DF3BD12BC85B2700F6485E /* RecommendationRow.swift in Sources */ = {isa = PBXBuildFile; fileRef = 29DF3BD02BC85B2700F6485E /* RecommendationRow.swift */; };
		29DF3BD32BC85B5A00F6485E /* AddSingleDaySleepDataView.swift in Sources */ = {isa = PBXBuildFile; fileRef = 29DF3BD22BC85B5A00F6485E /* AddSingleDaySleepDataView.swift */; };
		29DF3BD52BC85B7800F6485E /* PersonalSleepHistoryView.swift in Sources */ = {isa = PBXBuildFile; fileRef = 29DF3BD42BC85B7800F6485E /* PersonalSleepHistoryView.swift */; };
		29DF3BD72BC85B9300F6485E /* SleepRecordView.swift in Sources */ = {isa = PBXBuildFile; fileRef = 29DF3BD62BC85B9300F6485E /* SleepRecordView.swift */; };
		29DF3BD92BC85BCC00F6485E /* OverallSleepDataView.swift in Sources */ = {isa = PBXBuildFile; fileRef = 29DF3BD82BC85BCB00F6485E /* OverallSleepDataView.swift */; };
		29DF3BDB2BC85BE000F6485E /* SleepSummaryView.swift in Sources */ = {isa = PBXBuildFile; fileRef = 29DF3BDA2BC85BE000F6485E /* SleepSummaryView.swift */; };
		29F364B92BC32D1C00DC2FD2 /* SettingsViewModel.swift in Sources */ = {isa = PBXBuildFile; fileRef = 29F364B82BC32D1C00DC2FD2 /* SettingsViewModel.swift */; };
		29F364BB2BC342AD00DC2FD2 /* SleepRecommendationViewModel.swift in Sources */ = {isa = PBXBuildFile; fileRef = 29F364BA2BC342AD00DC2FD2 /* SleepRecommendationViewModel.swift */; };
		29F364BD2BC342B700DC2FD2 /* SmartAlarmViewModel.swift in Sources */ = {isa = PBXBuildFile; fileRef = 29F364BC2BC342B700DC2FD2 /* SmartAlarmViewModel.swift */; };
		29F364BF2BC342C300DC2FD2 /* SleepAnalysisViewModel.swift in Sources */ = {isa = PBXBuildFile; fileRef = 29F364BE2BC342C300DC2FD2 /* SleepAnalysisViewModel.swift */; };
		642F17332BC248D700B50342 /* MainMenuViewModel.swift in Sources */ = {isa = PBXBuildFile; fileRef = 642F17312BC248D700B50342 /* MainMenuViewModel.swift */; };
		642F17342BC248D700B50342 /* MainMenuView.swift in Sources */ = {isa = PBXBuildFile; fileRef = 642F17322BC248D700B50342 /* MainMenuView.swift */; };
		642F17362BC2490C00B50342 /* Recommendation.swift in Sources */ = {isa = PBXBuildFile; fileRef = 642F17352BC2490C00B50342 /* Recommendation.swift */; };
		642F17382BC2491D00B50342 /* UserPreferences.swift in Sources */ = {isa = PBXBuildFile; fileRef = 642F17372BC2491D00B50342 /* UserPreferences.swift */; };
		642F173A2BC2493600B50342 /* FireDBHelper.swift in Sources */ = {isa = PBXBuildFile; fileRef = 642F17392BC2493600B50342 /* FireDBHelper.swift */; };
		642F173C2BC2494C00B50342 /* LoginViewModel.swift in Sources */ = {isa = PBXBuildFile; fileRef = 642F173B2BC2494C00B50342 /* LoginViewModel.swift */; };
		642F173E2BC2496100B50342 /* SignUpViewModel.swift in Sources */ = {isa = PBXBuildFile; fileRef = 642F173D2BC2496100B50342 /* SignUpViewModel.swift */; };
		642F17412BC2499B00B50342 /* FirebaseAuth in Frameworks */ = {isa = PBXBuildFile; productRef = 642F17402BC2499B00B50342 /* FirebaseAuth */; };
		642F17422BC24A0000B50342 /* Recommendation.swift in Sources */ = {isa = PBXBuildFile; fileRef = 642F17352BC2490C00B50342 /* Recommendation.swift */; };
		642F17432BC24A0400B50342 /* UserPreferences.swift in Sources */ = {isa = PBXBuildFile; fileRef = 642F17372BC2491D00B50342 /* UserPreferences.swift */; };
		6445AE3B2BAB743A00B423C6 /* LogInOrSignUpView.swift in Sources */ = {isa = PBXBuildFile; fileRef = 6445AE3A2BAB743A00B423C6 /* LogInOrSignUpView.swift */; };
		64926B5A2BC62DDC0088D401 /* alarm_sound.mp3 in Resources */ = {isa = PBXBuildFile; fileRef = 64926B592BC62DDC0088D401 /* alarm_sound.mp3 */; };
		64D21F8B2B9445AF00A063B4 /* SettingsView.swift in Sources */ = {isa = PBXBuildFile; fileRef = 64D21F8A2B9445AF00A063B4 /* SettingsView.swift */; };
		DC08FFF22BA8A8B000DD5E0D /* SignUp.swift in Sources */ = {isa = PBXBuildFile; fileRef = DC08FFF12BA8A8B000DD5E0D /* SignUp.swift */; };
		DC08FFF42BA8A8C000DD5E0D /* Login.swift in Sources */ = {isa = PBXBuildFile; fileRef = DC08FFF32BA8A8C000DD5E0D /* Login.swift */; };
		DC269B7C2B93CA580014F526 /* BetterSleepApp.swift in Sources */ = {isa = PBXBuildFile; fileRef = DC269B7B2B93CA580014F526 /* BetterSleepApp.swift */; };
		DC269B802B93CA5B0014F526 /* Assets.xcassets in Resources */ = {isa = PBXBuildFile; fileRef = DC269B7F2B93CA5B0014F526 /* Assets.xcassets */; };
		DC269B832B93CA5B0014F526 /* Preview Assets.xcassets in Resources */ = {isa = PBXBuildFile; fileRef = DC269B822B93CA5B0014F526 /* Preview Assets.xcassets */; };
		DC269B892B93CA5B0014F526 /* BetterSleep Watch App.app in Embed Watch Content */ = {isa = PBXBuildFile; fileRef = DC269B882B93CA5B0014F526 /* BetterSleep Watch App.app */; settings = {ATTRIBUTES = (RemoveHeadersOnCopy, ); }; };
		DC269B8E2B93CA5B0014F526 /* BetterSleepApp.swift in Sources */ = {isa = PBXBuildFile; fileRef = DC269B8D2B93CA5B0014F526 /* BetterSleepApp.swift */; };
		DC269B902B93CA5B0014F526 /* ContentView.swift in Sources */ = {isa = PBXBuildFile; fileRef = DC269B8F2B93CA5B0014F526 /* ContentView.swift */; };
		DC269B922B93CA5C0014F526 /* Assets.xcassets in Resources */ = {isa = PBXBuildFile; fileRef = DC269B912B93CA5C0014F526 /* Assets.xcassets */; };
		DC269B952B93CA5C0014F526 /* Preview Assets.xcassets in Resources */ = {isa = PBXBuildFile; fileRef = DC269B942B93CA5C0014F526 /* Preview Assets.xcassets */; };
		DC269BA32B93DB3E0014F526 /* SleepRecommendationView.swift in Sources */ = {isa = PBXBuildFile; fileRef = DC269BA22B93DB3E0014F526 /* SleepRecommendationView.swift */; };
		DC269BA62B93DB550014F526 /* SmartAlarmView.swift in Sources */ = {isa = PBXBuildFile; fileRef = DC269BA52B93DB550014F526 /* SmartAlarmView.swift */; };
		DC269BA92B93DB650014F526 /* SleepAnalysisView.swift in Sources */ = {isa = PBXBuildFile; fileRef = DC269BA82B93DB650014F526 /* SleepAnalysisView.swift */; };
/* End PBXBuildFile section */

/* Begin PBXContainerItemProxy section */
		DC269B8A2B93CA5B0014F526 /* PBXContainerItemProxy */ = {
			isa = PBXContainerItemProxy;
			containerPortal = DC269B702B93CA580014F526 /* Project object */;
			proxyType = 1;
			remoteGlobalIDString = DC269B872B93CA5B0014F526;
			remoteInfo = "BetterSleep Watch App";
		};
/* End PBXContainerItemProxy section */

/* Begin PBXCopyFilesBuildPhase section */
		DC269B9B2B93CA5C0014F526 /* Embed Watch Content */ = {
			isa = PBXCopyFilesBuildPhase;
			buildActionMask = 2147483647;
			dstPath = "$(CONTENTS_FOLDER_PATH)/Watch";
			dstSubfolderSpec = 16;
			files = (
				DC269B892B93CA5B0014F526 /* BetterSleep Watch App.app in Embed Watch Content */,
			);
			name = "Embed Watch Content";
			runOnlyForDeploymentPostprocessing = 0;
		};
/* End PBXCopyFilesBuildPhase section */

/* Begin PBXFileReference section */
		292DDDC22BB0A96A00E61452 /* GoogleService-Info.plist */ = {isa = PBXFileReference; fileEncoding = 4; lastKnownFileType = text.plist.xml; path = "GoogleService-Info.plist"; sourceTree = "<group>"; };
		292DDDCB2BB0AEDF00E61452 /* User.swift */ = {isa = PBXFileReference; lastKnownFileType = sourcecode.swift; path = User.swift; sourceTree = "<group>"; };
		292DDDCE2BB0AF6E00E61452 /* SleepRecord.swift */ = {isa = PBXFileReference; lastKnownFileType = sourcecode.swift; path = SleepRecord.swift; sourceTree = "<group>"; };
		29DF3BCC2BC858D700F6485E /* Star.swift */ = {isa = PBXFileReference; lastKnownFileType = sourcecode.swift; path = Star.swift; sourceTree = "<group>"; };
		29DF3BCE2BC8590800F6485E /* ShootingStarsAnimation.swift */ = {isa = PBXFileReference; lastKnownFileType = sourcecode.swift; path = ShootingStarsAnimation.swift; sourceTree = "<group>"; };
		29DF3BD02BC85B2700F6485E /* RecommendationRow.swift */ = {isa = PBXFileReference; lastKnownFileType = sourcecode.swift; path = RecommendationRow.swift; sourceTree = "<group>"; };
		29DF3BD22BC85B5A00F6485E /* AddSingleDaySleepDataView.swift */ = {isa = PBXFileReference; lastKnownFileType = sourcecode.swift; path = AddSingleDaySleepDataView.swift; sourceTree = "<group>"; };
		29DF3BD42BC85B7800F6485E /* PersonalSleepHistoryView.swift */ = {isa = PBXFileReference; lastKnownFileType = sourcecode.swift; path = PersonalSleepHistoryView.swift; sourceTree = "<group>"; };
		29DF3BD62BC85B9300F6485E /* SleepRecordView.swift */ = {isa = PBXFileReference; lastKnownFileType = sourcecode.swift; path = SleepRecordView.swift; sourceTree = "<group>"; };
		29DF3BD82BC85BCB00F6485E /* OverallSleepDataView.swift */ = {isa = PBXFileReference; lastKnownFileType = sourcecode.swift; path = OverallSleepDataView.swift; sourceTree = "<group>"; };
		29DF3BDA2BC85BE000F6485E /* SleepSummaryView.swift */ = {isa = PBXFileReference; lastKnownFileType = sourcecode.swift; path = SleepSummaryView.swift; sourceTree = "<group>"; };
		29F364B82BC32D1C00DC2FD2 /* SettingsViewModel.swift */ = {isa = PBXFileReference; lastKnownFileType = sourcecode.swift; path = SettingsViewModel.swift; sourceTree = "<group>"; };
		29F364BA2BC342AD00DC2FD2 /* SleepRecommendationViewModel.swift */ = {isa = PBXFileReference; lastKnownFileType = sourcecode.swift; path = SleepRecommendationViewModel.swift; sourceTree = "<group>"; };
		29F364BC2BC342B700DC2FD2 /* SmartAlarmViewModel.swift */ = {isa = PBXFileReference; lastKnownFileType = sourcecode.swift; path = SmartAlarmViewModel.swift; sourceTree = "<group>"; };
		29F364BE2BC342C300DC2FD2 /* SleepAnalysisViewModel.swift */ = {isa = PBXFileReference; lastKnownFileType = sourcecode.swift; path = SleepAnalysisViewModel.swift; sourceTree = "<group>"; };
		642F17312BC248D700B50342 /* MainMenuViewModel.swift */ = {isa = PBXFileReference; lastKnownFileType = sourcecode.swift; path = MainMenuViewModel.swift; sourceTree = "<group>"; };
		642F17322BC248D700B50342 /* MainMenuView.swift */ = {isa = PBXFileReference; lastKnownFileType = sourcecode.swift; path = MainMenuView.swift; sourceTree = "<group>"; };
		642F17352BC2490C00B50342 /* Recommendation.swift */ = {isa = PBXFileReference; lastKnownFileType = sourcecode.swift; path = Recommendation.swift; sourceTree = "<group>"; };
		642F17372BC2491D00B50342 /* UserPreferences.swift */ = {isa = PBXFileReference; lastKnownFileType = sourcecode.swift; path = UserPreferences.swift; sourceTree = "<group>"; };
		642F17392BC2493600B50342 /* FireDBHelper.swift */ = {isa = PBXFileReference; lastKnownFileType = sourcecode.swift; path = FireDBHelper.swift; sourceTree = "<group>"; };
		642F173B2BC2494C00B50342 /* LoginViewModel.swift */ = {isa = PBXFileReference; lastKnownFileType = sourcecode.swift; path = LoginViewModel.swift; sourceTree = "<group>"; };
		642F173D2BC2496100B50342 /* SignUpViewModel.swift */ = {isa = PBXFileReference; lastKnownFileType = sourcecode.swift; path = SignUpViewModel.swift; sourceTree = "<group>"; };
		6445AE3A2BAB743A00B423C6 /* LogInOrSignUpView.swift */ = {isa = PBXFileReference; lastKnownFileType = sourcecode.swift; path = LogInOrSignUpView.swift; sourceTree = "<group>"; };
		64926B592BC62DDC0088D401 /* alarm_sound.mp3 */ = {isa = PBXFileReference; lastKnownFileType = audio.mp3; path = alarm_sound.mp3; sourceTree = "<group>"; };
		64D21F8A2B9445AF00A063B4 /* SettingsView.swift */ = {isa = PBXFileReference; lastKnownFileType = sourcecode.swift; path = SettingsView.swift; sourceTree = "<group>"; };
		DC08FFF12BA8A8B000DD5E0D /* SignUp.swift */ = {isa = PBXFileReference; lastKnownFileType = sourcecode.swift; path = SignUp.swift; sourceTree = "<group>"; };
		DC08FFF32BA8A8C000DD5E0D /* Login.swift */ = {isa = PBXFileReference; lastKnownFileType = sourcecode.swift; path = Login.swift; sourceTree = "<group>"; };
		DC269B782B93CA580014F526 /* BetterSleep.app */ = {isa = PBXFileReference; explicitFileType = wrapper.application; includeInIndex = 0; path = BetterSleep.app; sourceTree = BUILT_PRODUCTS_DIR; };
		DC269B7B2B93CA580014F526 /* BetterSleepApp.swift */ = {isa = PBXFileReference; lastKnownFileType = sourcecode.swift; path = BetterSleepApp.swift; sourceTree = "<group>"; };
		DC269B7F2B93CA5B0014F526 /* Assets.xcassets */ = {isa = PBXFileReference; lastKnownFileType = folder.assetcatalog; path = Assets.xcassets; sourceTree = "<group>"; };
		DC269B822B93CA5B0014F526 /* Preview Assets.xcassets */ = {isa = PBXFileReference; lastKnownFileType = folder.assetcatalog; path = "Preview Assets.xcassets"; sourceTree = "<group>"; };
		DC269B882B93CA5B0014F526 /* BetterSleep Watch App.app */ = {isa = PBXFileReference; explicitFileType = wrapper.application; includeInIndex = 0; path = "BetterSleep Watch App.app"; sourceTree = BUILT_PRODUCTS_DIR; };
		DC269B8D2B93CA5B0014F526 /* BetterSleepApp.swift */ = {isa = PBXFileReference; lastKnownFileType = sourcecode.swift; path = BetterSleepApp.swift; sourceTree = "<group>"; };
		DC269B8F2B93CA5B0014F526 /* ContentView.swift */ = {isa = PBXFileReference; lastKnownFileType = sourcecode.swift; path = ContentView.swift; sourceTree = "<group>"; };
		DC269B912B93CA5C0014F526 /* Assets.xcassets */ = {isa = PBXFileReference; lastKnownFileType = folder.assetcatalog; path = Assets.xcassets; sourceTree = "<group>"; };
		DC269B942B93CA5C0014F526 /* Preview Assets.xcassets */ = {isa = PBXFileReference; lastKnownFileType = folder.assetcatalog; path = "Preview Assets.xcassets"; sourceTree = "<group>"; };
		DC269BA22B93DB3E0014F526 /* SleepRecommendationView.swift */ = {isa = PBXFileReference; lastKnownFileType = sourcecode.swift; path = SleepRecommendationView.swift; sourceTree = "<group>"; };
		DC269BA52B93DB550014F526 /* SmartAlarmView.swift */ = {isa = PBXFileReference; lastKnownFileType = sourcecode.swift; path = SmartAlarmView.swift; sourceTree = "<group>"; };
		DC269BA82B93DB650014F526 /* SleepAnalysisView.swift */ = {isa = PBXFileReference; lastKnownFileType = sourcecode.swift; path = SleepAnalysisView.swift; sourceTree = "<group>"; };
/* End PBXFileReference section */

/* Begin PBXFrameworksBuildPhase section */
		DC269B752B93CA580014F526 /* Frameworks */ = {
			isa = PBXFrameworksBuildPhase;
			buildActionMask = 2147483647;
			files = (
				292DDDC72BB0AA3E00E61452 /* FirebaseAnalytics in Frameworks */,
				642F17412BC2499B00B50342 /* FirebaseAuth in Frameworks */,
				292DDDC92BB0AC2E00E61452 /* FirebaseFirestore in Frameworks */,
			);
			runOnlyForDeploymentPostprocessing = 0;
		};
		DC269B852B93CA5B0014F526 /* Frameworks */ = {
			isa = PBXFrameworksBuildPhase;
			buildActionMask = 2147483647;
			files = (
			);
			runOnlyForDeploymentPostprocessing = 0;
		};
/* End PBXFrameworksBuildPhase section */

/* Begin PBXGroup section */
		292DDDCA2BB0AEB600E61452 /* Models */ = {
			isa = PBXGroup;
			children = (
				642F17372BC2491D00B50342 /* UserPreferences.swift */,
				642F17352BC2490C00B50342 /* Recommendation.swift */,
				292DDDCB2BB0AEDF00E61452 /* User.swift */,
				292DDDCE2BB0AF6E00E61452 /* SleepRecord.swift */,
			);
			path = Models;
			sourceTree = "<group>";
		};
		29DF3BC92BC8589D00F6485E /* AnimationViews */ = {
			isa = PBXGroup;
			children = (
				29DF3BCC2BC858D700F6485E /* Star.swift */,
				29DF3BCE2BC8590800F6485E /* ShootingStarsAnimation.swift */,
			);
			path = AnimationViews;
			sourceTree = "<group>";
		};
		29DF3BDC2BC85D9D00F6485E /* SleepAnalysisViews */ = {
			isa = PBXGroup;
			children = (
				29DF3BD22BC85B5A00F6485E /* AddSingleDaySleepDataView.swift */,
				29DF3BD62BC85B9300F6485E /* SleepRecordView.swift */,
				29DF3BDA2BC85BE000F6485E /* SleepSummaryView.swift */,
				29DF3BD82BC85BCB00F6485E /* OverallSleepDataView.swift */,
				29DF3BD42BC85B7800F6485E /* PersonalSleepHistoryView.swift */,
				DC269BA82B93DB650014F526 /* SleepAnalysisView.swift */,
			);
			path = SleepAnalysisViews;
			sourceTree = "<group>";
		};
		29DF3BDD2BC85E6900F6485E /* MainViews */ = {
			isa = PBXGroup;
			children = (
				64D21F8A2B9445AF00A063B4 /* SettingsView.swift */,
				29DF3BDF2BC85EDE00F6485E /* SleepRecommendationViews */,
				DC269BA52B93DB550014F526 /* SmartAlarmView.swift */,
				29DF3BDC2BC85D9D00F6485E /* SleepAnalysisViews */,
				642F17322BC248D700B50342 /* MainMenuView.swift */,
			);
			path = MainViews;
			sourceTree = "<group>";
		};
		29DF3BDE2BC85E8800F6485E /* MainViewModels */ = {
			isa = PBXGroup;
			children = (
				642F17312BC248D700B50342 /* MainMenuViewModel.swift */,
				29F364BE2BC342C300DC2FD2 /* SleepAnalysisViewModel.swift */,
				29F364BC2BC342B700DC2FD2 /* SmartAlarmViewModel.swift */,
				29F364BA2BC342AD00DC2FD2 /* SleepRecommendationViewModel.swift */,
				29F364B82BC32D1C00DC2FD2 /* SettingsViewModel.swift */,
			);
			path = MainViewModels;
			sourceTree = "<group>";
		};
		29DF3BDF2BC85EDE00F6485E /* SleepRecommendationViews */ = {
			isa = PBXGroup;
			children = (
				29DF3BD02BC85B2700F6485E /* RecommendationRow.swift */,
				DC269BA22B93DB3E0014F526 /* SleepRecommendationView.swift */,
			);
			path = SleepRecommendationViews;
			sourceTree = "<group>";
		};
		642F173F2BC2499B00B50342 /* Frameworks */ = {
			isa = PBXGroup;
			children = (
			);
			name = Frameworks;
			sourceTree = "<group>";
		};
		64D2F8342BAE0AFB005B8CED /* Main */ = {
			isa = PBXGroup;
			children = (
				29DF3BDE2BC85E8800F6485E /* MainViewModels */,
				29DF3BDD2BC85E6900F6485E /* MainViews */,
			);
			path = Main;
			sourceTree = "<group>";
		};
		64D2F8352BAE0B0B005B8CED /* Authentication */ = {
			isa = PBXGroup;
			children = (
				642F173D2BC2496100B50342 /* SignUpViewModel.swift */,
				642F173B2BC2494C00B50342 /* LoginViewModel.swift */,
				6445AE3A2BAB743A00B423C6 /* LogInOrSignUpView.swift */,
				DC08FFF12BA8A8B000DD5E0D /* SignUp.swift */,
				DC08FFF32BA8A8C000DD5E0D /* Login.swift */,
			);
			path = Authentication;
			sourceTree = "<group>";
		};
		DC269B6F2B93CA580014F526 = {
			isa = PBXGroup;
			children = (
				DC269B7A2B93CA580014F526 /* BetterSleep */,
				DC269B8C2B93CA5B0014F526 /* BetterSleep Watch App */,
				DC269B792B93CA580014F526 /* Products */,
				642F173F2BC2499B00B50342 /* Frameworks */,
			);
			sourceTree = "<group>";
		};
		DC269B792B93CA580014F526 /* Products */ = {
			isa = PBXGroup;
			children = (
				DC269B782B93CA580014F526 /* BetterSleep.app */,
				DC269B882B93CA5B0014F526 /* BetterSleep Watch App.app */,
			);
			name = Products;
			sourceTree = "<group>";
		};
		DC269B7A2B93CA580014F526 /* BetterSleep */ = {
			isa = PBXGroup;
			children = (
				29DF3BC92BC8589D00F6485E /* AnimationViews */,
				642F17392BC2493600B50342 /* FireDBHelper.swift */,
				292DDDCA2BB0AEB600E61452 /* Models */,
				292DDDC22BB0A96A00E61452 /* GoogleService-Info.plist */,
				DC269B7B2B93CA580014F526 /* BetterSleepApp.swift */,
				64D2F8342BAE0AFB005B8CED /* Main */,
				64D2F8352BAE0B0B005B8CED /* Authentication */,
				64926B592BC62DDC0088D401 /* alarm_sound.mp3 */,
				DC269B7F2B93CA5B0014F526 /* Assets.xcassets */,
				DC269B812B93CA5B0014F526 /* Preview Content */,
			);
			path = BetterSleep;
			sourceTree = "<group>";
		};
		DC269B812B93CA5B0014F526 /* Preview Content */ = {
			isa = PBXGroup;
			children = (
				DC269B822B93CA5B0014F526 /* Preview Assets.xcassets */,
			);
			path = "Preview Content";
			sourceTree = "<group>";
		};
		DC269B8C2B93CA5B0014F526 /* BetterSleep Watch App */ = {
			isa = PBXGroup;
			children = (
				DC269B8D2B93CA5B0014F526 /* BetterSleepApp.swift */,
				DC269B8F2B93CA5B0014F526 /* ContentView.swift */,
				DC269B912B93CA5C0014F526 /* Assets.xcassets */,
				DC269B932B93CA5C0014F526 /* Preview Content */,
			);
			path = "BetterSleep Watch App";
			sourceTree = "<group>";
		};
		DC269B932B93CA5C0014F526 /* Preview Content */ = {
			isa = PBXGroup;
			children = (
				DC269B942B93CA5C0014F526 /* Preview Assets.xcassets */,
			);
			path = "Preview Content";
			sourceTree = "<group>";
		};
/* End PBXGroup section */

/* Begin PBXNativeTarget section */
		DC269B772B93CA580014F526 /* BetterSleep */ = {
			isa = PBXNativeTarget;
			buildConfigurationList = DC269B9C2B93CA5C0014F526 /* Build configuration list for PBXNativeTarget "BetterSleep" */;
			buildPhases = (
				DC269B742B93CA580014F526 /* Sources */,
				DC269B752B93CA580014F526 /* Frameworks */,
				DC269B762B93CA580014F526 /* Resources */,
				DC269B9B2B93CA5C0014F526 /* Embed Watch Content */,
			);
			buildRules = (
			);
			dependencies = (
				DC269B8B2B93CA5B0014F526 /* PBXTargetDependency */,
			);
			name = BetterSleep;
			packageProductDependencies = (
				292DDDC62BB0AA3E00E61452 /* FirebaseAnalytics */,
				292DDDC82BB0AC2E00E61452 /* FirebaseFirestore */,
				642F17402BC2499B00B50342 /* FirebaseAuth */,
			);
			productName = BetterSleep;
			productReference = DC269B782B93CA580014F526 /* BetterSleep.app */;
			productType = "com.apple.product-type.application";
		};
		DC269B872B93CA5B0014F526 /* BetterSleep Watch App */ = {
			isa = PBXNativeTarget;
			buildConfigurationList = DC269B982B93CA5C0014F526 /* Build configuration list for PBXNativeTarget "BetterSleep Watch App" */;
			buildPhases = (
				DC269B842B93CA5B0014F526 /* Sources */,
				DC269B852B93CA5B0014F526 /* Frameworks */,
				DC269B862B93CA5B0014F526 /* Resources */,
			);
			buildRules = (
			);
			dependencies = (
			);
			name = "BetterSleep Watch App";
			productName = "BetterSleep Watch App";
			productReference = DC269B882B93CA5B0014F526 /* BetterSleep Watch App.app */;
			productType = "com.apple.product-type.application";
		};
/* End PBXNativeTarget section */

/* Begin PBXProject section */
		DC269B702B93CA580014F526 /* Project object */ = {
			isa = PBXProject;
			attributes = {
				BuildIndependentTargetsInParallel = 1;
				LastSwiftUpdateCheck = 1520;
				LastUpgradeCheck = 1530;
				TargetAttributes = {
					DC269B772B93CA580014F526 = {
						CreatedOnToolsVersion = 15.2;
					};
					DC269B872B93CA5B0014F526 = {
						CreatedOnToolsVersion = 15.2;
					};
				};
			};
			buildConfigurationList = DC269B732B93CA580014F526 /* Build configuration list for PBXProject "BetterSleep" */;
			compatibilityVersion = "Xcode 14.0";
			developmentRegion = en;
			hasScannedForEncodings = 0;
			knownRegions = (
				en,
				Base,
			);
			mainGroup = DC269B6F2B93CA580014F526;
			packageReferences = (
				292DDDC52BB0AA3D00E61452 /* XCRemoteSwiftPackageReference "firebase-ios-sdk" */,
			);
			productRefGroup = DC269B792B93CA580014F526 /* Products */;
			projectDirPath = "";
			projectRoot = "";
			targets = (
				DC269B772B93CA580014F526 /* BetterSleep */,
				DC269B872B93CA5B0014F526 /* BetterSleep Watch App */,
			);
		};
/* End PBXProject section */

/* Begin PBXResourcesBuildPhase section */
		DC269B762B93CA580014F526 /* Resources */ = {
			isa = PBXResourcesBuildPhase;
			buildActionMask = 2147483647;
			files = (
				DC269B832B93CA5B0014F526 /* Preview Assets.xcassets in Resources */,
				DC269B802B93CA5B0014F526 /* Assets.xcassets in Resources */,
				64926B5A2BC62DDC0088D401 /* alarm_sound.mp3 in Resources */,
				292DDDC32BB0A96A00E61452 /* GoogleService-Info.plist in Resources */,
			);
			runOnlyForDeploymentPostprocessing = 0;
		};
		DC269B862B93CA5B0014F526 /* Resources */ = {
			isa = PBXResourcesBuildPhase;
			buildActionMask = 2147483647;
			files = (
				DC269B952B93CA5C0014F526 /* Preview Assets.xcassets in Resources */,
				DC269B922B93CA5C0014F526 /* Assets.xcassets in Resources */,
				292DDDC42BB0A96A00E61452 /* GoogleService-Info.plist in Resources */,
			);
			runOnlyForDeploymentPostprocessing = 0;
		};
/* End PBXResourcesBuildPhase section */

/* Begin PBXSourcesBuildPhase section */
		DC269B742B93CA580014F526 /* Sources */ = {
			isa = PBXSourcesBuildPhase;
			buildActionMask = 2147483647;
			files = (
				642F173E2BC2496100B50342 /* SignUpViewModel.swift in Sources */,
				642F173C2BC2494C00B50342 /* LoginViewModel.swift in Sources */,
				29DF3BD52BC85B7800F6485E /* PersonalSleepHistoryView.swift in Sources */,
				29DF3BCF2BC8590800F6485E /* ShootingStarsAnimation.swift in Sources */,
				642F173A2BC2493600B50342 /* FireDBHelper.swift in Sources */,
				642F17382BC2491D00B50342 /* UserPreferences.swift in Sources */,
				29DF3BD72BC85B9300F6485E /* SleepRecordView.swift in Sources */,
				29DF3BD32BC85B5A00F6485E /* AddSingleDaySleepDataView.swift in Sources */,
				642F17362BC2490C00B50342 /* Recommendation.swift in Sources */,
				29F364BF2BC342C300DC2FD2 /* SleepAnalysisViewModel.swift in Sources */,
				642F17332BC248D700B50342 /* MainMenuViewModel.swift in Sources */,
				642F17342BC248D700B50342 /* MainMenuView.swift in Sources */,
				6445AE3B2BAB743A00B423C6 /* LogInOrSignUpView.swift in Sources */,
				29F364BD2BC342B700DC2FD2 /* SmartAlarmViewModel.swift in Sources */,
				DC08FFF22BA8A8B000DD5E0D /* SignUp.swift in Sources */,
				29DF3BDB2BC85BE000F6485E /* SleepSummaryView.swift in Sources */,
				DC269BA92B93DB650014F526 /* SleepAnalysisView.swift in Sources */,
				DC269BA32B93DB3E0014F526 /* SleepRecommendationView.swift in Sources */,
				29DF3BCD2BC858D700F6485E /* Star.swift in Sources */,
				29DF3BD12BC85B2700F6485E /* RecommendationRow.swift in Sources */,
				292DDDCF2BB0AF6E00E61452 /* SleepRecord.swift in Sources */,
				29DF3BD92BC85BCC00F6485E /* OverallSleepDataView.swift in Sources */,
				64D21F8B2B9445AF00A063B4 /* SettingsView.swift in Sources */,
				DC269BA62B93DB550014F526 /* SmartAlarmView.swift in Sources */,
				DC269B7C2B93CA580014F526 /* BetterSleepApp.swift in Sources */,
				292DDDCC2BB0AEDF00E61452 /* User.swift in Sources */,
				29F364BB2BC342AD00DC2FD2 /* SleepRecommendationViewModel.swift in Sources */,
				DC08FFF42BA8A8C000DD5E0D /* Login.swift in Sources */,
				29F364B92BC32D1C00DC2FD2 /* SettingsViewModel.swift in Sources */,
			);
			runOnlyForDeploymentPostprocessing = 0;
		};
		DC269B842B93CA5B0014F526 /* Sources */ = {
			isa = PBXSourcesBuildPhase;
			buildActionMask = 2147483647;
			files = (
				292DDDD02BB0AF6E00E61452 /* SleepRecord.swift in Sources */,
				292DDDCD2BB0AEDF00E61452 /* User.swift in Sources */,
				642F17432BC24A0400B50342 /* UserPreferences.swift in Sources */,
				642F17422BC24A0000B50342 /* Recommendation.swift in Sources */,
				DC269B902B93CA5B0014F526 /* ContentView.swift in Sources */,
				DC269B8E2B93CA5B0014F526 /* BetterSleepApp.swift in Sources */,
			);
			runOnlyForDeploymentPostprocessing = 0;
		};
/* End PBXSourcesBuildPhase section */

/* Begin PBXTargetDependency section */
		DC269B8B2B93CA5B0014F526 /* PBXTargetDependency */ = {
			isa = PBXTargetDependency;
			target = DC269B872B93CA5B0014F526 /* BetterSleep Watch App */;
			targetProxy = DC269B8A2B93CA5B0014F526 /* PBXContainerItemProxy */;
		};
/* End PBXTargetDependency section */

/* Begin XCBuildConfiguration section */
		DC269B962B93CA5C0014F526 /* Debug */ = {
			isa = XCBuildConfiguration;
			buildSettings = {
				ALWAYS_SEARCH_USER_PATHS = NO;
				ASSETCATALOG_COMPILER_GENERATE_SWIFT_ASSET_SYMBOL_EXTENSIONS = YES;
				CLANG_ANALYZER_NONNULL = YES;
				CLANG_ANALYZER_NUMBER_OBJECT_CONVERSION = YES_AGGRESSIVE;
				CLANG_CXX_LANGUAGE_STANDARD = "gnu++20";
				CLANG_ENABLE_MODULES = YES;
				CLANG_ENABLE_OBJC_ARC = YES;
				CLANG_ENABLE_OBJC_WEAK = YES;
				CLANG_WARN_BLOCK_CAPTURE_AUTORELEASING = YES;
				CLANG_WARN_BOOL_CONVERSION = YES;
				CLANG_WARN_COMMA = YES;
				CLANG_WARN_CONSTANT_CONVERSION = YES;
				CLANG_WARN_DEPRECATED_OBJC_IMPLEMENTATIONS = YES;
				CLANG_WARN_DIRECT_OBJC_ISA_USAGE = YES_ERROR;
				CLANG_WARN_DOCUMENTATION_COMMENTS = YES;
				CLANG_WARN_EMPTY_BODY = YES;
				CLANG_WARN_ENUM_CONVERSION = YES;
				CLANG_WARN_INFINITE_RECURSION = YES;
				CLANG_WARN_INT_CONVERSION = YES;
				CLANG_WARN_NON_LITERAL_NULL_CONVERSION = YES;
				CLANG_WARN_OBJC_IMPLICIT_RETAIN_SELF = YES;
				CLANG_WARN_OBJC_LITERAL_CONVERSION = YES;
				CLANG_WARN_OBJC_ROOT_CLASS = YES_ERROR;
				CLANG_WARN_QUOTED_INCLUDE_IN_FRAMEWORK_HEADER = YES;
				CLANG_WARN_RANGE_LOOP_ANALYSIS = YES;
				CLANG_WARN_STRICT_PROTOTYPES = YES;
				CLANG_WARN_SUSPICIOUS_MOVE = YES;
				CLANG_WARN_UNGUARDED_AVAILABILITY = YES_AGGRESSIVE;
				CLANG_WARN_UNREACHABLE_CODE = YES;
				CLANG_WARN__DUPLICATE_METHOD_MATCH = YES;
				COPY_PHASE_STRIP = NO;
				DEAD_CODE_STRIPPING = YES;
				DEBUG_INFORMATION_FORMAT = dwarf;
				ENABLE_STRICT_OBJC_MSGSEND = YES;
				ENABLE_TESTABILITY = YES;
				ENABLE_USER_SCRIPT_SANDBOXING = YES;
				GCC_C_LANGUAGE_STANDARD = gnu17;
				GCC_DYNAMIC_NO_PIC = NO;
				GCC_NO_COMMON_BLOCKS = YES;
				GCC_OPTIMIZATION_LEVEL = 0;
				GCC_PREPROCESSOR_DEFINITIONS = (
					"DEBUG=1",
					"$(inherited)",
				);
				GCC_WARN_64_TO_32_BIT_CONVERSION = YES;
				GCC_WARN_ABOUT_RETURN_TYPE = YES_ERROR;
				GCC_WARN_UNDECLARED_SELECTOR = YES;
				GCC_WARN_UNINITIALIZED_AUTOS = YES_AGGRESSIVE;
				GCC_WARN_UNUSED_FUNCTION = YES;
				GCC_WARN_UNUSED_VARIABLE = YES;
				LOCALIZATION_PREFERS_STRING_CATALOGS = YES;
				MTL_ENABLE_DEBUG_INFO = INCLUDE_SOURCE;
				MTL_FAST_MATH = YES;
				ONLY_ACTIVE_ARCH = YES;
				SWIFT_ACTIVE_COMPILATION_CONDITIONS = "DEBUG $(inherited)";
				SWIFT_OPTIMIZATION_LEVEL = "-Onone";
			};
			name = Debug;
		};
		DC269B972B93CA5C0014F526 /* Release */ = {
			isa = XCBuildConfiguration;
			buildSettings = {
				ALWAYS_SEARCH_USER_PATHS = NO;
				ASSETCATALOG_COMPILER_GENERATE_SWIFT_ASSET_SYMBOL_EXTENSIONS = YES;
				CLANG_ANALYZER_NONNULL = YES;
				CLANG_ANALYZER_NUMBER_OBJECT_CONVERSION = YES_AGGRESSIVE;
				CLANG_CXX_LANGUAGE_STANDARD = "gnu++20";
				CLANG_ENABLE_MODULES = YES;
				CLANG_ENABLE_OBJC_ARC = YES;
				CLANG_ENABLE_OBJC_WEAK = YES;
				CLANG_WARN_BLOCK_CAPTURE_AUTORELEASING = YES;
				CLANG_WARN_BOOL_CONVERSION = YES;
				CLANG_WARN_COMMA = YES;
				CLANG_WARN_CONSTANT_CONVERSION = YES;
				CLANG_WARN_DEPRECATED_OBJC_IMPLEMENTATIONS = YES;
				CLANG_WARN_DIRECT_OBJC_ISA_USAGE = YES_ERROR;
				CLANG_WARN_DOCUMENTATION_COMMENTS = YES;
				CLANG_WARN_EMPTY_BODY = YES;
				CLANG_WARN_ENUM_CONVERSION = YES;
				CLANG_WARN_INFINITE_RECURSION = YES;
				CLANG_WARN_INT_CONVERSION = YES;
				CLANG_WARN_NON_LITERAL_NULL_CONVERSION = YES;
				CLANG_WARN_OBJC_IMPLICIT_RETAIN_SELF = YES;
				CLANG_WARN_OBJC_LITERAL_CONVERSION = YES;
				CLANG_WARN_OBJC_ROOT_CLASS = YES_ERROR;
				CLANG_WARN_QUOTED_INCLUDE_IN_FRAMEWORK_HEADER = YES;
				CLANG_WARN_RANGE_LOOP_ANALYSIS = YES;
				CLANG_WARN_STRICT_PROTOTYPES = YES;
				CLANG_WARN_SUSPICIOUS_MOVE = YES;
				CLANG_WARN_UNGUARDED_AVAILABILITY = YES_AGGRESSIVE;
				CLANG_WARN_UNREACHABLE_CODE = YES;
				CLANG_WARN__DUPLICATE_METHOD_MATCH = YES;
				COPY_PHASE_STRIP = NO;
				DEAD_CODE_STRIPPING = YES;
				DEBUG_INFORMATION_FORMAT = "dwarf-with-dsym";
				ENABLE_NS_ASSERTIONS = NO;
				ENABLE_STRICT_OBJC_MSGSEND = YES;
				ENABLE_USER_SCRIPT_SANDBOXING = YES;
				GCC_C_LANGUAGE_STANDARD = gnu17;
				GCC_NO_COMMON_BLOCKS = YES;
				GCC_WARN_64_TO_32_BIT_CONVERSION = YES;
				GCC_WARN_ABOUT_RETURN_TYPE = YES_ERROR;
				GCC_WARN_UNDECLARED_SELECTOR = YES;
				GCC_WARN_UNINITIALIZED_AUTOS = YES_AGGRESSIVE;
				GCC_WARN_UNUSED_FUNCTION = YES;
				GCC_WARN_UNUSED_VARIABLE = YES;
				LOCALIZATION_PREFERS_STRING_CATALOGS = YES;
				MTL_ENABLE_DEBUG_INFO = NO;
				MTL_FAST_MATH = YES;
				SWIFT_COMPILATION_MODE = wholemodule;
			};
			name = Release;
		};
		DC269B992B93CA5C0014F526 /* Debug */ = {
			isa = XCBuildConfiguration;
			buildSettings = {
				ASSETCATALOG_COMPILER_APPICON_NAME = AppIcon;
				ASSETCATALOG_COMPILER_GLOBAL_ACCENT_COLOR_NAME = AccentColor;
				CODE_SIGN_STYLE = Automatic;
				CURRENT_PROJECT_VERSION = 1;
				DEVELOPMENT_ASSET_PATHS = "\"BetterSleep Watch App/Preview Content\"";
				DEVELOPMENT_TEAM = 9NL45XNN76;
				ENABLE_PREVIEWS = YES;
				GENERATE_INFOPLIST_FILE = YES;
				INFOPLIST_KEY_CFBundleDisplayName = BetterSleep;
				INFOPLIST_KEY_UISupportedInterfaceOrientations = "UIInterfaceOrientationPortrait UIInterfaceOrientationPortraitUpsideDown";
				INFOPLIST_KEY_WKCompanionAppBundleIdentifier = AV.BetterSleep;
				LD_RUNPATH_SEARCH_PATHS = (
					"$(inherited)",
					"@executable_path/Frameworks",
				);
				MARKETING_VERSION = 1.0;
				PRODUCT_BUNDLE_IDENTIFIER = AV.BetterSleep.watchkitapp;
				PRODUCT_NAME = "$(TARGET_NAME)";
				SDKROOT = watchos;
				SKIP_INSTALL = YES;
				SWIFT_EMIT_LOC_STRINGS = YES;
				SWIFT_VERSION = 5.0;
				TARGETED_DEVICE_FAMILY = 4;
				WATCHOS_DEPLOYMENT_TARGET = 10.2;
			};
			name = Debug;
		};
		DC269B9A2B93CA5C0014F526 /* Release */ = {
			isa = XCBuildConfiguration;
			buildSettings = {
				ASSETCATALOG_COMPILER_APPICON_NAME = AppIcon;
				ASSETCATALOG_COMPILER_GLOBAL_ACCENT_COLOR_NAME = AccentColor;
				CODE_SIGN_STYLE = Automatic;
				CURRENT_PROJECT_VERSION = 1;
				DEVELOPMENT_ASSET_PATHS = "\"BetterSleep Watch App/Preview Content\"";
				DEVELOPMENT_TEAM = 9NL45XNN76;
				ENABLE_PREVIEWS = YES;
				GENERATE_INFOPLIST_FILE = YES;
				INFOPLIST_KEY_CFBundleDisplayName = BetterSleep;
				INFOPLIST_KEY_UISupportedInterfaceOrientations = "UIInterfaceOrientationPortrait UIInterfaceOrientationPortraitUpsideDown";
				INFOPLIST_KEY_WKCompanionAppBundleIdentifier = AV.BetterSleep;
				LD_RUNPATH_SEARCH_PATHS = (
					"$(inherited)",
					"@executable_path/Frameworks",
				);
				MARKETING_VERSION = 1.0;
				PRODUCT_BUNDLE_IDENTIFIER = AV.BetterSleep.watchkitapp;
				PRODUCT_NAME = "$(TARGET_NAME)";
				SDKROOT = watchos;
				SKIP_INSTALL = YES;
				SWIFT_EMIT_LOC_STRINGS = YES;
				SWIFT_VERSION = 5.0;
				TARGETED_DEVICE_FAMILY = 4;
				VALIDATE_PRODUCT = YES;
				WATCHOS_DEPLOYMENT_TARGET = 10.2;
			};
			name = Release;
		};
		DC269B9D2B93CA5C0014F526 /* Debug */ = {
			isa = XCBuildConfiguration;
			buildSettings = {
				ALWAYS_EMBED_SWIFT_STANDARD_LIBRARIES = YES;
				ASSETCATALOG_COMPILER_APPICON_NAME = AppIcon;
				ASSETCATALOG_COMPILER_GLOBAL_ACCENT_COLOR_NAME = AccentColor;
				CODE_SIGN_IDENTITY = "Apple Development";
				CODE_SIGN_STYLE = Automatic;
				CURRENT_PROJECT_VERSION = 1;
				DEVELOPMENT_ASSET_PATHS = "\"BetterSleep/Preview Content\"";
				DEVELOPMENT_TEAM = 9NL45XNN76;
				ENABLE_PREVIEWS = YES;
				GENERATE_INFOPLIST_FILE = YES;
				INFOPLIST_KEY_CFBundleDisplayName = BetterSleep;
				INFOPLIST_KEY_UIApplicationSceneManifest_Generation = YES;
				INFOPLIST_KEY_UIApplicationSupportsIndirectInputEvents = YES;
				INFOPLIST_KEY_UILaunchScreen_Generation = YES;
				INFOPLIST_KEY_UISupportedInterfaceOrientations_iPad = "UIInterfaceOrientationPortrait UIInterfaceOrientationPortraitUpsideDown UIInterfaceOrientationLandscapeLeft UIInterfaceOrientationLandscapeRight";
				INFOPLIST_KEY_UISupportedInterfaceOrientations_iPhone = "UIInterfaceOrientationPortrait UIInterfaceOrientationLandscapeLeft UIInterfaceOrientationLandscapeRight";
				IPHONEOS_DEPLOYMENT_TARGET = 17.2;
				LD_RUNPATH_SEARCH_PATHS = (
					"$(inherited)",
					"@executable_path/Frameworks",
				);
				MARKETING_VERSION = 1.0;
				PRODUCT_BUNDLE_IDENTIFIER = AV.BetterSleep;
				PRODUCT_NAME = "$(TARGET_NAME)";
				PROVISIONING_PROFILE_SPECIFIER = "";
				SDKROOT = iphoneos;
				SWIFT_EMIT_LOC_STRINGS = YES;
				SWIFT_VERSION = 5.0;
				TARGETED_DEVICE_FAMILY = "1,2";
			};
			name = Debug;
		};
		DC269B9E2B93CA5C0014F526 /* Release */ = {
			isa = XCBuildConfiguration;
			buildSettings = {
				ALWAYS_EMBED_SWIFT_STANDARD_LIBRARIES = YES;
				ASSETCATALOG_COMPILER_APPICON_NAME = AppIcon;
				ASSETCATALOG_COMPILER_GLOBAL_ACCENT_COLOR_NAME = AccentColor;
				CODE_SIGN_IDENTITY = "Apple Development";
				CODE_SIGN_STYLE = Automatic;
				CURRENT_PROJECT_VERSION = 1;
				DEVELOPMENT_ASSET_PATHS = "\"BetterSleep/Preview Content\"";
				DEVELOPMENT_TEAM = 9NL45XNN76;
				ENABLE_PREVIEWS = YES;
				GENERATE_INFOPLIST_FILE = YES;
				INFOPLIST_KEY_CFBundleDisplayName = BetterSleep;
				INFOPLIST_KEY_UIApplicationSceneManifest_Generation = YES;
				INFOPLIST_KEY_UIApplicationSupportsIndirectInputEvents = YES;
				INFOPLIST_KEY_UILaunchScreen_Generation = YES;
				INFOPLIST_KEY_UISupportedInterfaceOrientations_iPad = "UIInterfaceOrientationPortrait UIInterfaceOrientationPortraitUpsideDown UIInterfaceOrientationLandscapeLeft UIInterfaceOrientationLandscapeRight";
				INFOPLIST_KEY_UISupportedInterfaceOrientations_iPhone = "UIInterfaceOrientationPortrait UIInterfaceOrientationLandscapeLeft UIInterfaceOrientationLandscapeRight";
				IPHONEOS_DEPLOYMENT_TARGET = 17.2;
				LD_RUNPATH_SEARCH_PATHS = (
					"$(inherited)",
					"@executable_path/Frameworks",
				);
				MARKETING_VERSION = 1.0;
				PRODUCT_BUNDLE_IDENTIFIER = AV.BetterSleep;
				PRODUCT_NAME = "$(TARGET_NAME)";
				PROVISIONING_PROFILE_SPECIFIER = "";
				SDKROOT = iphoneos;
				SWIFT_EMIT_LOC_STRINGS = YES;
				SWIFT_VERSION = 5.0;
				TARGETED_DEVICE_FAMILY = "1,2";
				VALIDATE_PRODUCT = YES;
			};
			name = Release;
		};
/* End XCBuildConfiguration section */

/* Begin XCConfigurationList section */
		DC269B732B93CA580014F526 /* Build configuration list for PBXProject "BetterSleep" */ = {
			isa = XCConfigurationList;
			buildConfigurations = (
				DC269B962B93CA5C0014F526 /* Debug */,
				DC269B972B93CA5C0014F526 /* Release */,
			);
			defaultConfigurationIsVisible = 0;
			defaultConfigurationName = Release;
		};
		DC269B982B93CA5C0014F526 /* Build configuration list for PBXNativeTarget "BetterSleep Watch App" */ = {
			isa = XCConfigurationList;
			buildConfigurations = (
				DC269B992B93CA5C0014F526 /* Debug */,
				DC269B9A2B93CA5C0014F526 /* Release */,
			);
			defaultConfigurationIsVisible = 0;
			defaultConfigurationName = Release;
		};
		DC269B9C2B93CA5C0014F526 /* Build configuration list for PBXNativeTarget "BetterSleep" */ = {
			isa = XCConfigurationList;
			buildConfigurations = (
				DC269B9D2B93CA5C0014F526 /* Debug */,
				DC269B9E2B93CA5C0014F526 /* Release */,
			);
			defaultConfigurationIsVisible = 0;
			defaultConfigurationName = Release;
		};
/* End XCConfigurationList section */

/* Begin XCRemoteSwiftPackageReference section */
		292DDDC52BB0AA3D00E61452 /* XCRemoteSwiftPackageReference "firebase-ios-sdk" */ = {
			isa = XCRemoteSwiftPackageReference;
			repositoryURL = "https://github.com/firebase/firebase-ios-sdk";
			requirement = {
				kind = upToNextMajorVersion;
				minimumVersion = 10.23.0;
			};
		};
/* End XCRemoteSwiftPackageReference section */

/* Begin XCSwiftPackageProductDependency section */
		292DDDC62BB0AA3E00E61452 /* FirebaseAnalytics */ = {
			isa = XCSwiftPackageProductDependency;
			package = 292DDDC52BB0AA3D00E61452 /* XCRemoteSwiftPackageReference "firebase-ios-sdk" */;
			productName = FirebaseAnalytics;
		};
		292DDDC82BB0AC2E00E61452 /* FirebaseFirestore */ = {
			isa = XCSwiftPackageProductDependency;
			package = 292DDDC52BB0AA3D00E61452 /* XCRemoteSwiftPackageReference "firebase-ios-sdk" */;
			productName = FirebaseFirestore;
		};
		642F17402BC2499B00B50342 /* FirebaseAuth */ = {
			isa = XCSwiftPackageProductDependency;
			package = 292DDDC52BB0AA3D00E61452 /* XCRemoteSwiftPackageReference "firebase-ios-sdk" */;
			productName = FirebaseAuth;
		};
/* End XCSwiftPackageProductDependency section */
	};
	rootObject = DC269B702B93CA580014F526 /* Project object */;
}
